
Microsoft Visual Studio Solution File, Format Version 12.00
# Visual Studio Version 17
VisualStudioVersion = 17.14.37314.3
MinimumVisualStudioVersion = 10.0.40219.1
Project("{FAE04EC0-301F-11D3-BF4B-00C04F79EFBC}") = "Launcher", "Launcher\Launcher.csproj", "{2C0349C3-5D66-4C9D-B7EF-7D5E523B5860}"
EndProject
Project("{C7167F0D-BC9F-4E6E-AFE1-012C56B48DB5}") = "Launcher.Package", "Launcher.Package\Launcher.Package.wapproj", "{82EA859F-E361-4109-860B-C653BE2E2E04}"
EndProject
Global
	GlobalSection(SolutionConfigurationPlatforms) = preSolution
		Debug|Any CPU = Debug|Any CPU
		Debug|ARM = Debug|ARM
		Debug|ARM64 = Debug|ARM64
		Debug|x64 = Debug|x64
		Debug|x86 = Debug|x86
		Release|Any CPU = Release|Any CPU
		Release|ARM = Release|ARM
		Release|ARM64 = Release|ARM64
		Release|x64 = Release|x64
		Release|x86 = Release|x86
	EndGlobalSection
	GlobalSection(ProjectConfigurationPlatforms) = postSolution
		{2C0349C3-5D66-4C9D-B7EF-7D5E523B5860}.Debug|Any CPU.ActiveCfg = Debug|Any CPU
		{2C0349C3-5D66-4C9D-B7EF-7D5E523B5860}.Debug|Any CPU.Build.0 = Debug|Any CPU
		{2C0349C3-5D66-4C9D-B7EF-7D5E523B5860}.Debug|ARM.ActiveCfg = Debug|Any CPU
		{2C0349C3-5D66-4C9D-B7EF-7D5E523B5860}.Debug|ARM.Build.0 = Debug|Any CPU
		{2C0349C3-5D66-4C9D-B7EF-7D5E523B5860}.Debug|ARM64.ActiveCfg = Debug|Any CPU
		{2C0349C3-5D66-4C9D-B7EF-7D5E523B5860}.Debug|ARM64.Build.0 = Debug|Any CPU
		{2C0349C3-5D66-4C9D-B7EF-7D5E523B5860}.Debug|x64.ActiveCfg = Debug|Any CPU
		{2C0349C3-5D66-4C9D-B7EF-7D5E523B5860}.Debug|x64.Build.0 = Debug|Any CPU
		{2C0349C3-5D66-4C9D-B7EF-7D5E523B5860}.Debug|x86.ActiveCfg = Debug|Any CPU
		{2C0349C3-5D66-4C9D-B7EF-7D5E523B5860}.Debug|x86.Build.0 = Debug|Any CPU
		{2C0349C3-5D66-4C9D-B7EF-7D5E523B5860}.Release|Any CPU.ActiveCfg = Release|Any CPU
		{2C0349C3-5D66-4C9D-B7EF-7D5E523B5860}.Release|Any CPU.Build.0 = Release|Any CPU
		{2C0349C3-5D66-4C9D-B7EF-7D5E523B5860}.Release|ARM.ActiveCfg = Release|Any CPU
		{2C0349C3-5D66-4C9D-B7EF-7D5E523B5860}.Release|ARM.Build.0 = Release|Any CPU
		{2C0349C3-5D66-4C9D-B7EF-7D5E523B5860}.Release|ARM64.ActiveCfg = Release|Any CPU
		{2C0349C3-5D66-4C9D-B7EF-7D5E523B5860}.Release|ARM64.Build.0 = Release|Any CPU
		{2C0349C3-5D66-4C9D-B7EF-7D5E523B5860}.Release|x64.ActiveCfg = Release|Any CPU
		{2C0349C3-5D66-4C9D-B7EF-7D5E523B5860}.Release|x64.Build.0 = Release|Any CPU
		{2C0349C3-5D66-4C9D-B7EF-7D5E523B5860}.Release|x86.ActiveCfg = Release|Any CPU
		{2C0349C3-5D66-4C9D-B7EF-7D5E523B5860}.Release|x86.Build.0 = Release|Any CPU
		{82EA859F-E361-4109-860B-C653BE2E2E04}.Debug|Any CPU.ActiveCfg = Debug|Any CPU
		{82EA859F-E361-4109-860B-C653BE2E2E04}.Debug|Any CPU.Build.0 = Debug|Any CPU
		{82EA859F-E361-4109-860B-C653BE2E2E04}.Debug|Any CPU.Deploy.0 = Debug|Any CPU
		{82EA859F-E361-4109-860B-C653BE2E2E04}.Debug|ARM.ActiveCfg = Debug|ARM
		{82EA859F-E361-4109-860B-C653BE2E2E04}.Debug|ARM.Build.0 = Debug|ARM
		{82EA859F-E361-4109-860B-C653BE2E2E04}.Debug|ARM.Deploy.0 = Debug|ARM
		{82EA859F-E361-4109-860B-C653BE2E2E04}.Debug|ARM64.ActiveCfg = Debug|ARM64
		{82EA859F-E361-4109-860B-C653BE2E2E04}.Debug|ARM64.Build.0 = Debug|ARM64
		{82EA859F-E361-4109-860B-C653BE2E2E04}.Debug|ARM64.Deploy.0 = Debug|ARM64
		{82EA859F-E361-4109-860B-C653BE2E2E04}.Debug|x64.ActiveCfg = Debug|x64
		{82EA859F-E361-4109-860B-C653BE2E2E04}.Debug|x64.Build.0 = Debug|x64
		{82EA859F-E361-4109-860B-C653BE2E2E04}.Debug|x64.Deploy.0 = Debug|x64
		{82EA859F-E361-4109-860B-C653BE2E2E04}.Debug|x86.ActiveCfg = Debug|x86
		{82EA859F-E361-4109-860B-C653BE2E2E04}.Debug|x86.Build.0 = Debug|x86
		{82EA859F-E361-4109-860B-C653BE2E2E04}.Debug|x86.Deploy.0 = Debug|x86
		{82EA859F-E361-4109-860B-C653BE2E2E04}.Release|Any CPU.ActiveCfg = Release|Any CPU
		{82EA859F-E361-4109-860B-C653BE2E2E04}.Release|Any CPU.Build.0 = Release|Any CPU
		{82EA859F-E361-4109-860B-C653BE2E2E04}.Release|Any CPU.Deploy.0 = Release|Any CPU
		{82EA859F-E361-4109-860B-C653BE2E2E04}.Release|ARM.ActiveCfg = Release|ARM
		{82EA859F-E361-4109-860B-C653BE2E2E04}.Release|ARM.Build.0 = Release|ARM
		{82EA859F-E361-4109-860B-C653BE2E2E04}.Release|ARM.Deploy.0 = Release|ARM
		{82EA859F-E361-4109-860B-C653BE2E2E04}.Release|ARM64.ActiveCfg = Release|ARM64
		{82EA859F-E361-4109-860B-C653BE2E2E04}.Release|ARM64.Build.0 = Release|ARM64
		{82EA859F-E361-4109-860B-C653BE2E2E04}.Release|ARM64.Deploy.0 = Release|ARM64
		{82EA859F-E361-4109-860B-C653BE2E2E04}.Release|x64.ActiveCfg = Release|x64
		{82EA859F-E361-4109-860B-C653BE2E2E04}.Release|x64.Build.0 = Release|x64
		{82EA859F-E361-4109-860B-C653BE2E2E04}.Release|x64.Deploy.0 = Release|x64
		{82EA859F-E361-4109-860B-C653BE2E2E04}.Release|x86.ActiveCfg = Release|x86
		{82EA859F-E361-4109-860B-C653BE2E2E04}.Release|x86.Build.0 = Release|x86
		{82EA859F-E361-4109-860B-C653BE2E2E04}.Release|x86.Deploy.0 = Release|x86
	EndGlobalSection
	GlobalSection(SolutionProperties) = preSolution
		HideSolutionNode = FALSE
	EndGlobalSection
	GlobalSection(ExtensibilityGlobals) = postSolution
		SolutionGuid = {0037A67B-D95D-43C6-877E-6E57BE0C02E7}
	EndGlobalSection
EndGlobal
